// !$*UTF8*$!
{
	archiveVersion = 1;
	classes = {
	};
	objectVersion = 48;
	objects = {

/* Begin PBXBuildFile section */
		8B9C469B2004808F00CFCDED /* AppDelegate.swift in Sources */ = {isa = PBXBuildFile; fileRef = 8B9C469A2004808F00CFCDED /* AppDelegate.swift */; };
		8B9C469D2004808F00CFCDED /* ViewController.swift in Sources */ = {isa = PBXBuildFile; fileRef = 8B9C469C2004808F00CFCDED /* ViewController.swift */; };
		8B9C46A02004808F00CFCDED /* Main.storyboard in Resources */ = {isa = PBXBuildFile; fileRef = 8B9C469E2004808F00CFCDED /* Main.storyboard */; };
		8B9C46A22004808F00CFCDED /* Assets.xcassets in Resources */ = {isa = PBXBuildFile; fileRef = 8B9C46A12004808F00CFCDED /* Assets.xcassets */; };
		8B9C46A52004808F00CFCDED /* LaunchScreen.storyboard in Resources */ = {isa = PBXBuildFile; fileRef = 8B9C46A32004808F00CFCDED /* LaunchScreen.storyboard */; };
		8B9C46B02004809000CFCDED /* UnsplashDemoTests.swift in Sources */ = {isa = PBXBuildFile; fileRef = 8B9C46AF2004809000CFCDED /* UnsplashDemoTests.swift */; };
/* End PBXBuildFile section */

/* Begin PBXContainerItemProxy section */
		8B9C46AC2004809000CFCDED /* PBXContainerItemProxy */ = {
			isa = PBXContainerItemProxy;
			containerPortal = 8B9C468F2004808F00CFCDED /* Project object */;
			proxyType = 1;
			remoteGlobalIDString = 8B9C46962004808F00CFCDED;
			remoteInfo = UnsplashDemo;
		};
/* End PBXContainerItemProxy section */

/* Begin PBXFileReference section */
		8B9C46972004808F00CFCDED /* UnsplashDemo.app */ = {isa = PBXFileReference; explicitFileType = wrapper.application; includeInIndex = 0; path = UnsplashDemo.app; sourceTree = BUILT_PRODUCTS_DIR; };
		8B9C469A2004808F00CFCDED /* AppDelegate.swift */ = {isa = PBXFileReference; lastKnownFileType = sourcecode.swift; path = AppDelegate.swift; sourceTree = "<group>"; };
		8B9C469C2004808F00CFCDED /* ViewController.swift */ = {isa = PBXFileReference; lastKnownFileType = sourcecode.swift; path = ViewController.swift; sourceTree = "<group>"; };
		8B9C469F2004808F00CFCDED /* Base */ = {isa = PBXFileReference; lastKnownFileType = file.storyboard; name = Base; path = Base.lproj/Main.storyboard; sourceTree = "<group>"; };
		8B9C46A12004808F00CFCDED /* Assets.xcassets */ = {isa = PBXFileReference; lastKnownFileType = folder.assetcatalog; path = Assets.xcassets; sourceTree = "<group>"; };
		8B9C46A42004808F00CFCDED /* Base */ = {isa = PBXFileReference; lastKnownFileType = file.storyboard; name = Base; path = Base.lproj/LaunchScreen.storyboard; sourceTree = "<group>"; };
		8B9C46A62004808F00CFCDED /* Info.plist */ = {isa = PBXFileReference; lastKnownFileType = text.plist.xml; path = Info.plist; sourceTree = "<group>"; };
		8B9C46AB2004809000CFCDED /* UnsplashDemoTests.xctest */ = {isa = PBXFileReference; explicitFileType = wrapper.cfbundle; includeInIndex = 0; path = UnsplashDemoTests.xctest; sourceTree = BUILT_PRODUCTS_DIR; };
		8B9C46AF2004809000CFCDED /* UnsplashDemoTests.swift */ = {isa = PBXFileReference; lastKnownFileType = sourcecode.swift; path = UnsplashDemoTests.swift; sourceTree = "<group>"; };
		8B9C46B12004809000CFCDED /* Info.plist */ = {isa = PBXFileReference; lastKnownFileType = text.plist.xml; path = Info.plist; sourceTree = "<group>"; };
/* End PBXFileReference section */

/* Begin PBXFrameworksBuildPhase section */
		8B9C46942004808F00CFCDED /* Frameworks */ = {
			isa = PBXFrameworksBuildPhase;
			buildActionMask = 2147483647;
			files = (
			);
			runOnlyForDeploymentPostprocessing = 0;
		};
		8B9C46A82004809000CFCDED /* Frameworks */ = {
			isa = PBXFrameworksBuildPhase;
			buildActionMask = 2147483647;
			files = (
			);
			runOnlyForDeploymentPostprocessing = 0;
		};
/* End PBXFrameworksBuildPhase section */

/* Begin PBXGroup section */
		8B9C468E2004808F00CFCDED = {
			isa = PBXGroup;
			children = (
				8B9C46992004808F00CFCDED /* UnsplashDemo */,
				8B9C46AE2004809000CFCDED /* UnsplashDemoTests */,
				8B9C46982004808F00CFCDED /* Products */,
			);
			sourceTree = "<group>";
		};
		8B9C46982004808F00CFCDED /* Products */ = {
			isa = PBXGroup;
			children = (
				8B9C46972004808F00CFCDED /* UnsplashDemo.app */,
				8B9C46AB2004809000CFCDED /* UnsplashDemoTests.xctest */,
			);
			name = Products;
			sourceTree = "<group>";
		};
		8B9C46992004808F00CFCDED /* UnsplashDemo */ = {
			isa = PBXGroup;
			children = (
				8B9C469A2004808F00CFCDED /* AppDelegate.swift */,
				8B9C469C2004808F00CFCDED /* ViewController.swift */,
				8B9C469E2004808F00CFCDED /* Main.storyboard */,
				8B9C46A12004808F00CFCDED /* Assets.xcassets */,
				8B9C46A32004808F00CFCDED /* LaunchScreen.storyboard */,
				8B9C46A62004808F00CFCDED /* Info.plist */,
			);
			path = UnsplashDemo;
			sourceTree = "<group>";
		};
		8B9C46AE2004809000CFCDED /* UnsplashDemoTests */ = {
			isa = PBXGroup;
			children = (
				8B9C46AF2004809000CFCDED /* UnsplashDemoTests.swift */,
				8B9C46B12004809000CFCDED /* Info.plist */,
			);
			path = UnsplashDemoTests;
			sourceTree = "<group>";
		};
/* End PBXGroup section */

/* Begin PBXNativeTarget section */
		8B9C46962004808F00CFCDED /* UnsplashDemo */ = {
			isa = PBXNativeTarget;
			buildConfigurationList = 8B9C46B42004809000CFCDED /* Build configuration list for PBXNativeTarget "UnsplashDemo" */;
			buildPhases = (
				8B9C46932004808F00CFCDED /* Sources */,
				8B9C46942004808F00CFCDED /* Frameworks */,
				8B9C46952004808F00CFCDED /* Resources */,
			);
			buildRules = (
			);
			dependencies = (
			);
			name = UnsplashDemo;
			productName = UnsplashDemo;
			productReference = 8B9C46972004808F00CFCDED /* UnsplashDemo.app */;
			productType = "com.apple.product-type.application";
		};
		8B9C46AA2004809000CFCDED /* UnsplashDemoTests */ = {
			isa = PBXNativeTarget;
			buildConfigurationList = 8B9C46B72004809000CFCDED /* Build configuration list for PBXNativeTarget "UnsplashDemoTests" */;
			buildPhases = (
				8B9C46A72004809000CFCDED /* Sources */,
				8B9C46A82004809000CFCDED /* Frameworks */,
				8B9C46A92004809000CFCDED /* Resources */,
			);
			buildRules = (
			);
			dependencies = (
				8B9C46AD2004809000CFCDED /* PBXTargetDependency */,
			);
			name = UnsplashDemoTests;
			productName = UnsplashDemoTests;
			productReference = 8B9C46AB2004809000CFCDED /* UnsplashDemoTests.xctest */;
			productType = "com.apple.product-type.bundle.unit-test";
		};
/* End PBXNativeTarget section */

/* Begin PBXProject section */
		8B9C468F2004808F00CFCDED /* Project object */ = {
			isa = PBXProject;
			attributes = {
				LastSwiftUpdateCheck = 0920;
				LastUpgradeCheck = 0920;
				ORGANIZATIONNAME = "Dion Durigon";
				TargetAttributes = {
					8B9C46962004808F00CFCDED = {
						CreatedOnToolsVersion = 9.2;
						ProvisioningStyle = Automatic;
					};
					8B9C46AA2004809000CFCDED = {
						CreatedOnToolsVersion = 9.2;
						ProvisioningStyle = Automatic;
						TestTargetID = 8B9C46962004808F00CFCDED;
					};
				};
			};
			buildConfigurationList = 8B9C46922004808F00CFCDED /* Build configuration list for PBXProject "UnsplashDemo" */;
			compatibilityVersion = "Xcode 8.0";
			developmentRegion = en;
			hasScannedForEncodings = 0;
			knownRegions = (
				en,
				Base,
			);
			mainGroup = 8B9C468E2004808F00CFCDED;
			productRefGroup = 8B9C46982004808F00CFCDED /* Products */;
			projectDirPath = "";
			projectRoot = "";
			targets = (
				8B9C46962004808F00CFCDED /* UnsplashDemo */,
				8B9C46AA2004809000CFCDED /* UnsplashDemoTests */,
			);
		};
/* End PBXProject section */

/* Begin PBXResourcesBuildPhase section */
		8B9C46952004808F00CFCDED /* Resources */ = {
			isa = PBXResourcesBuildPhase;
			buildActionMask = 2147483647;
			files = (
				8B9C46A52004808F00CFCDED /* LaunchScreen.storyboard in Resources */,
				8B9C46A22004808F00CFCDED /* Assets.xcassets in Resources */,
				8B9C46A02004808F00CFCDED /* Main.storyboard in Resources */,
			);
			runOnlyForDeploymentPostprocessing = 0;
		};
		8B9C46A92004809000CFCDED /* Resources */ = {
			isa = PBXResourcesBuildPhase;
			buildActionMask = 2147483647;
			files = (
			);
			runOnlyForDeploymentPostprocessing = 0;
		};
/* End PBXResourcesBuildPhase section */

/* Begin PBXSourcesBuildPhase section */
		8B9C46932004808F00CFCDED /* Sources */ = {
			isa = PBXSourcesBuildPhase;
			buildActionMask = 2147483647;
			files = (
				8B9C469D2004808F00CFCDED /* ViewController.swift in Sources */,
				8B9C469B2004808F00CFCDED /* AppDelegate.swift in Sources */,
			);
			runOnlyForDeploymentPostprocessing = 0;
		};
		8B9C46A72004809000CFCDED /* Sources */ = {
			isa = PBXSourcesBuildPhase;
			buildActionMask = 2147483647;
			files = (
				8B9C46B02004809000CFCDED /* UnsplashDemoTests.swift in Sources */,
			);
			runOnlyForDeploymentPostprocessing = 0;
		};
/* End PBXSourcesBuildPhase section */

/* Begin PBXTargetDependency section */
		8B9C46AD2004809000CFCDED /* PBXTargetDependency */ = {
			isa = PBXTargetDependency;
			target = 8B9C46962004808F00CFCDED /* UnsplashDemo */;
			targetProxy = 8B9C46AC2004809000CFCDED /* PBXContainerItemProxy */;
		};
/* End PBXTargetDependency section */

/* Begin PBXVariantGroup section */
		8B9C469E2004808F00CFCDED /* Main.storyboard */ = {
			isa = PBXVariantGroup;
			children = (
				8B9C469F2004808F00CFCDED /* Base */,
			);
			name = Main.storyboard;
			sourceTree = "<group>";
		};
		8B9C46A32004808F00CFCDED /* LaunchScreen.storyboard */ = {
			isa = PBXVariantGroup;
			children = (
				8B9C46A42004808F00CFCDED /* Base */,
			);
			name = LaunchScreen.storyboard;
			sourceTree = "<group>";
		};
/* End PBXVariantGroup section */

/* Begin XCBuildConfiguration section */
		8B9C46B22004809000CFCDED /* Debug */ = {
			isa = XCBuildConfiguration;
			buildSettings = {
				ALWAYS_SEARCH_USER_PATHS = NO;
				CLANG_ANALYZER_NONNULL = YES;
				CLANG_ANALYZER_NUMBER_OBJECT_CONVERSION = YES_AGGRESSIVE;
				CLANG_CXX_LANGUAGE_STANDARD = "gnu++14";
				CLANG_CXX_LIBRARY = "libc++";
				CLANG_ENABLE_MODULES = YES;
				CLANG_ENABLE_OBJC_ARC = YES;
				CLANG_WARN_BLOCK_CAPTURE_AUTORELEASING = YES;
				CLANG_WARN_BOOL_CONVERSION = YES;
				CLANG_WARN_COMMA = YES;
				CLANG_WARN_CONSTANT_CONVERSION = YES;
				CLANG_WARN_DIRECT_OBJC_ISA_USAGE = YES_ERROR;
				CLANG_WARN_DOCUMENTATION_COMMENTS = YES;
				CLANG_WARN_EMPTY_BODY = YES;
				CLANG_WARN_ENUM_CONVERSION = YES;
				CLANG_WARN_INFINITE_RECURSION = YES;
				CLANG_WARN_INT_CONVERSION = YES;
				CLANG_WARN_NON_LITERAL_NULL_CONVERSION = YES;
				CLANG_WARN_OBJC_LITERAL_CONVERSION = YES;
				CLANG_WARN_OBJC_ROOT_CLASS = YES_ERROR;
				CLANG_WARN_RANGE_LOOP_ANALYSIS = YES;
				CLANG_WARN_STRICT_PROTOTYPES = YES;
				CLANG_WARN_SUSPICIOUS_MOVE = YES;
				CLANG_WARN_UNGUARDED_AVAILABILITY = YES_AGGRESSIVE;
				CLANG_WARN_UNREACHABLE_CODE = YES;
				CLANG_WARN__DUPLICATE_METHOD_MATCH = YES;
				CODE_SIGN_IDENTITY = "iPhone Developer";
				COPY_PHASE_STRIP = NO;
				DEBUG_INFORMATION_FORMAT = dwarf;
				ENABLE_STRICT_OBJC_MSGSEND = YES;
				ENABLE_TESTABILITY = YES;
				GCC_C_LANGUAGE_STANDARD = gnu11;
				GCC_DYNAMIC_NO_PIC = NO;
				GCC_NO_COMMON_BLOCKS = YES;
				GCC_OPTIMIZATION_LEVEL = 0;
				GCC_PREPROCESSOR_DEFINITIONS = (
					"DEBUG=1",
					"$(inherited)",
				);
				GCC_WARN_64_TO_32_BIT_CONVERSION = YES;
				GCC_WARN_ABOUT_RETURN_TYPE = YES_ERROR;
				GCC_WARN_UNDECLARED_SELECTOR = YES;
				GCC_WARN_UNINITIALIZED_AUTOS = YES_AGGRESSIVE;
				GCC_WARN_UNUSED_FUNCTION = YES;
				GCC_WARN_UNUSED_VARIABLE = YES;
				IPHONEOS_DEPLOYMENT_TARGET = 11.2;
				MTL_ENABLE_DEBUG_INFO = YES;
				ONLY_ACTIVE_ARCH = YES;
				SDKROOT = iphoneos;
				SWIFT_ACTIVE_COMPILATION_CONDITIONS = DEBUG;
				SWIFT_OPTIMIZATION_LEVEL = "-Onone";
			};
			name = Debug;
		};
		8B9C46B32004809000CFCDED /* Release */ = {
			isa = XCBuildConfiguration;
			buildSettings = {
				ALWAYS_SEARCH_USER_PATHS = NO;
				CLANG_ANALYZER_NONNULL = YES;
				CLANG_ANALYZER_NUMBER_OBJECT_CONVERSION = YES_AGGRESSIVE;
				CLANG_CXX_LANGUAGE_STANDARD = "gnu++14";
				CLANG_CXX_LIBRARY = "libc++";
				CLANG_ENABLE_MODULES = YES;
				CLANG_ENABLE_OBJC_ARC = YES;
				CLANG_WARN_BLOCK_CAPTURE_AUTORELEASING = YES;
				CLANG_WARN_BOOL_CONVERSION = YES;
				CLANG_WARN_COMMA = YES;
				CLANG_WARN_CONSTANT_CONVERSION = YES;
				CLANG_WARN_DIRECT_OBJC_ISA_USAGE = YES_ERROR;
				CLANG_WARN_DOCUMENTATION_COMMENTS = YES;
				CLANG_WARN_EMPTY_BODY = YES;
				CLANG_WARN_ENUM_CONVERSION = YES;
				CLANG_WARN_INFINITE_RECURSION = YES;
				CLANG_WARN_INT_CONVERSION = YES;
				CLANG_WARN_NON_LITERAL_NULL_CONVERSION = YES;
				CLANG_WARN_OBJC_LITERAL_CONVERSION = YES;
				CLANG_WARN_OBJC_ROOT_CLASS = YES_ERROR;
				CLANG_WARN_RANGE_LOOP_ANALYSIS = YES;
				CLANG_WARN_STRICT_PROTOTYPES = YES;
				CLANG_WARN_SUSPICIOUS_MOVE = YES;
				CLANG_WARN_UNGUARDED_AVAILABILITY = YES_AGGRESSIVE;
				CLANG_WARN_UNREACHABLE_CODE = YES;
				CLANG_WARN__DUPLICATE_METHOD_MATCH = YES;
				CODE_SIGN_IDENTITY = "iPhone Developer";
				COPY_PHASE_STRIP = NO;
				DEBUG_INFORMATION_FORMAT = "dwarf-with-dsym";
				ENABLE_NS_ASSERTIONS = NO;
				ENABLE_STRICT_OBJC_MSGSEND = YES;
				GCC_C_LANGUAGE_STANDARD = gnu11;
				GCC_NO_COMMON_BLOCKS = YES;
				GCC_WARN_64_TO_32_BIT_CONVERSION = YES;
				GCC_WARN_ABOUT_RETURN_TYPE = YES_ERROR;
				GCC_WARN_UNDECLARED_SELECTOR = YES;
				GCC_WARN_UNINITIALIZED_AUTOS = YES_AGGRESSIVE;
				GCC_WARN_UNUSED_FUNCTION = YES;
				GCC_WARN_UNUSED_VARIABLE = YES;
				IPHONEOS_DEPLOYMENT_TARGET = 11.2;
				MTL_ENABLE_DEBUG_INFO = NO;
				SDKROOT = iphoneos;
				SWIFT_OPTIMIZATION_LEVEL = "-Owholemodule";
				VALIDATE_PRODUCT = YES;
			};
			name = Release;
		};
		8B9C46B52004809000CFCDED /* Debug */ = {
			isa = XCBuildConfiguration;
			buildSettings = {
				ASSETCATALOG_COMPILER_APPICON_NAME = AppIcon;
				CODE_SIGN_STYLE = Automatic;
				INFOPLIST_FILE = UnsplashDemo/Info.plist;
				LD_RUNPATH_SEARCH_PATHS = "$(inherited) @executable_path/Frameworks";
				PRODUCT_BUNDLE_IDENTIFIER = com.diondurigon.UnsplashDemo;
				PRODUCT_NAME = "$(TARGET_NAME)";
				SWIFT_VERSION = 4.0;
				TARGETED_DEVICE_FAMILY = "1,2";
			};
			name = Debug;
		};
		8B9C46B62004809000CFCDED /* Release */ = {
			isa = XCBuildConfiguration;
			buildSettings = {
				ASSETCATALOG_COMPILER_APPICON_NAME = AppIcon;
				CODE_SIGN_STYLE = Automatic;
				INFOPLIST_FILE = UnsplashDemo/Info.plist;
				LD_RUNPATH_SEARCH_PATHS = "$(inherited) @executable_path/Frameworks";
				PRODUCT_BUNDLE_IDENTIFIER = com.diondurigon.UnsplashDemo;
				PRODUCT_NAME = "$(TARGET_NAME)";
				SWIFT_VERSION = 4.0;
				TARGETED_DEVICE_FAMILY = "1,2";
			};
			name = Release;
		};
		8B9C46B82004809000CFCDED /* Debug */ = {
			isa = XCBuildConfiguration;
			buildSettings = {
				ALWAYS_EMBED_SWIFT_STANDARD_LIBRARIES = YES;
				BUNDLE_LOADER = "$(TEST_HOST)";
				CODE_SIGN_STYLE = Automatic;
				INFOPLIST_FILE = UnsplashDemoTests/Info.plist;
				LD_RUNPATH_SEARCH_PATHS = "$(inherited) @executable_path/Frameworks @loader_path/Frameworks";
				PRODUCT_BUNDLE_IDENTIFIER = com.diondurigon.UnsplashDemoTests;
				PRODUCT_NAME = "$(TARGET_NAME)";
				SWIFT_VERSION = 4.0;
				TARGETED_DEVICE_FAMILY = "1,2";
				TEST_HOST = "$(BUILT_PRODUCTS_DIR)/UnsplashDemo.app/UnsplashDemo";
			};
			name = Debug;
		};
		8B9C46B92004809000CFCDED /* Release */ = {
			isa = XCBuildConfiguration;
			buildSettings = {
				ALWAYS_EMBED_SWIFT_STANDARD_LIBRARIES = YES;
				BUNDLE_LOADER = "$(TEST_HOST)";
				CODE_SIGN_STYLE = Automatic;
				INFOPLIST_FILE = UnsplashDemoTests/Info.plist;
				LD_RUNPATH_SEARCH_PATHS = "$(inherited) @executable_path/Frameworks @loader_path/Frameworks";
				PRODUCT_BUNDLE_IDENTIFIER = com.diondurigon.UnsplashDemoTests;
				PRODUCT_NAME = "$(TARGET_NAME)";
				SWIFT_VERSION = 4.0;
				TARGETED_DEVICE_FAMILY = "1,2";
				TEST_HOST = "$(BUILT_PRODUCTS_DIR)/UnsplashDemo.app/UnsplashDemo";
			};
			name = Release;
		};
/* End XCBuildConfiguration section */

/* Begin XCConfigurationList section */
		8B9C46922004808F00CFCDED /* Build configuration list for PBXProject "UnsplashDemo" */ = {
			isa = XCConfigurationList;
			buildConfigurations = (
				8B9C46B22004809000CFCDED /* Debug */,
				8B9C46B32004809000CFCDED /* Release */,
			);
			defaultConfigurationIsVisible = 0;
			defaultConfigurationName = Release;
		};
		8B9C46B42004809000CFCDED /* Build configuration list for PBXNativeTarget "UnsplashDemo" */ = {
			isa = XCConfigurationList;
			buildConfigurations = (
				8B9C46B52004809000CFCDED /* Debug */,
				8B9C46B62004809000CFCDED /* Release */,
			);
			defaultConfigurationIsVisible = 0;
			defaultConfigurationName = Release;
		};
		8B9C46B72004809000CFCDED /* Build configuration list for PBXNativeTarget "UnsplashDemoTests" */ = {
			isa = XCConfigurationList;
			buildConfigurations = (
				8B9C46B82004809000CFCDED /* Debug */,
				8B9C46B92004809000CFCDED /* Release */,
			);
			defaultConfigurationIsVisible = 0;
			defaultConfigurationName = Release;
		};
/* End XCConfigurationList section */
	};
	rootObject = 8B9C468F2004808F00CFCDED /* Project object */;
}
